
Microsoft Visual Studio Solution File, Format Version 12.00
# Visual Studio 2013
VisualStudioVersion = 12.0.21005.1
MinimumVisualStudioVersion = 10.0.40219.1
Project("{FAE04EC0-301F-11D3-BF4B-00C04F79EFBC}") = "MyApp.Shared", "MyApp.Shared\MyApp.Shared.csproj", "{63427E7C-8B6C-4EEC-BD08-779E658F5D00}"
EndProject
Project("{FAE04EC0-301F-11D3-BF4B-00C04F79EFBC}") = "MyApp.Tests", "MyApp.Tests\MyApp.Tests.csproj", "{5C33F21A-2493-4831-95F6-098FCAFC21D3}"
EndProject
Project("{FAE04EC0-301F-11D3-BF4B-00C04F79EFBC}") = "MyApp.NunitTests", "MyApp.NunitTests\MyApp.NunitTests.csproj", "{3517ADEB-5144-44DD-B91D-2F047434C7F3}"
EndProject
Global
	GlobalSection(SolutionConfigurationPlatforms) = preSolution
		Debug|Any CPU = Debug|Any CPU
		Release|Any CPU = Release|Any CPU
	EndGlobalSection
	GlobalSection(ProjectConfigurationPlatforms) = postSolution
		{63427E7C-8B6C-4EEC-BD08-779E658F5D00}.Debug|Any CPU.ActiveCfg = Debug|Any CPU
		{63427E7C-8B6C-4EEC-BD08-779E658F5D00}.Debug|Any CPU.Build.0 = Debug|Any CPU
		{63427E7C-8B6C-4EEC-BD08-779E658F5D00}.Release|Any CPU.ActiveCfg = Release|Any CPU
		{63427E7C-8B6C-4EEC-BD08-779E658F5D00}.Release|Any CPU.Build.0 = Release|Any CPU
		{5C33F21A-2493-4831-95F6-098FCAFC21D3}.Debug|Any CPU.ActiveCfg = Debug|Any CPU
		{5C33F21A-2493-4831-95F6-098FCAFC21D3}.Debug|Any CPU.Build.0 = Debug|Any CPU
		{5C33F21A-2493-4831-95F6-098FCAFC21D3}.Release|Any CPU.ActiveCfg = Release|Any CPU
		{5C33F21A-2493-4831-95F6-098FCAFC21D3}.Release|Any CPU.Build.0 = Release|Any CPU
		{3517ADEB-5144-44DD-B91D-2F047434C7F3}.Debug|Any CPU.ActiveCfg = Debug|Any CPU
		{3517ADEB-5144-44DD-B91D-2F047434C7F3}.Debug|Any CPU.Build.0 = Debug|Any CPU
		{3517ADEB-5144-44DD-B91D-2F047434C7F3}.Release|Any CPU.ActiveCfg = Release|Any CPU
		{3517ADEB-5144-44DD-B91D-2F047434C7F3}.Release|Any CPU.Build.0 = Release|Any CPU
	EndGlobalSection
	GlobalSection(SolutionProperties) = preSolution
		HideSolutionNode = FALSE
	EndGlobalSection
EndGlobal
